{
    "_readme": [
        "This file locks the dependencies of your project to a known state",
        "Read more about it at https://getcomposer.org/doc/01-basic-usage.md#installing-dependencies",
        "This file is @generated automatically"
    ],
    "content-hash": "69f5885bcca10120e62c7d0b44c60243",
    "packages": [
        {
            "name": "prestashop/prestashop-webservice-lib",
            "version": "dev-master",
            "source": {
                "type": "git",
                "url": "https://github.com/PrestaShop/PrestaShop-webservice-lib.git",
                "reference": "3fad904e9e8ab57dd890a75ba1bf23981171291a"
            },
            "dist": {
                "type": "zip",
                "url": "https://api.github.com/repos/PrestaShop/PrestaShop-webservice-lib/zipball/3fad904e9e8ab57dd890a75ba1bf23981171291a",
                "reference": "3fad904e9e8ab57dd890a75ba1bf23981171291a",
                "shasum": ""
            },
            "require": {
                "ext-curl": "*",
                "ext-libxml": "*",
                "ext-simplexml": "*",
                "php": ">= 5.3.0"
            },
            "default-branch": true,
            "type": "library",
            "autoload": {
                "classmap": [
                    "PSWebServiceLibrary.php"
                ]
            },
            "notification-url": "https://packagist.org/downloads/",
            "license": [
                "OSL-3.0"
            ],
            "authors": [
                {
                    "name": "PrestaShop SA",
                    "email": "contact@prestashop.com"
                }
            ],
            "description": "PrestaShop Webservice access library",
            "support": {
                "source": "https://github.com/PrestaShop/PrestaShop-webservice-lib/tree/master"
            },
            "time": "2024-07-02T13:40:23+00:00"
        }
    ],
    "packages-dev": [],
    "aliases": [],
    "minimum-stability": "stable",
    "stability-flags": {
        "prestashop/prestashop-webservice-lib": 20
    },
    "prefer-stable": false,
    "prefer-lowest": false,
    "platform": [],
    "platform-dev": [],
    "plugin-api-version": "2.6.0"
}
